dependencies:
- name: adv_chart
  repository: file://subcharts/adv_chart/
  version: 0.1.0
- name: networkModule_chart
  repository: file://subcharts/networkModule_chart/
  version: 0.1.0
- name: tunnelEndpointCreator_chart
  repository: file://subcharts/tunnelEndpointCreator_chart/
  version: 0.1.0
- name: schedulingNodeOperator_chart
  repository: file://subcharts/schedulingNodeOperator_chart/
  version: 0.1.0
- name: mutatingWebhook_chart
  repository: file://subcharts/mutatingWebhook_chart/
  version: 0.1.0
- name: discovery_chart
  repository: file://subcharts/discovery_chart/
  version: 0.1.0
- name: peeringRequestOperator_chart
  repository: file://subcharts/peeringRequestOperator_chart/
  version: 0.1.0
- name: liqodash_chart
  repository: file://subcharts/liqodash_chart/
  version: 0.1.0
digest: sha256:9a937b23181275cfc00e0d34d3f6c51f02d0ef2227644a11c7d3b88ad019effe
generated: "2020-08-26T17:03:44.2572446+02:00"
