dependencies:
- name: adv_chart
  repository: file://subcharts/adv_chart/
  version: 0.1.0
- name: networkModule_chart
  repository: file://subcharts/networkModule_chart/
  version: 0.1.0
- name: tunnelEndpointCreator_chart
  repository: file://subcharts/tunnelEndpointCreator_chart/
  version: 0.1.0
- name: schedulingNodeOperator_chart
  repository: file://subcharts/schedulingNodeOperator_chart/
  version: 0.1.0
- name: mutatingWebhook_chart
  repository: file://subcharts/mutatingWebhook_chart/
  version: 0.1.0
- name: discovery_chart
  repository: file://subcharts/discovery_chart/
  version: 0.1.0
- name: peeringRequestOperator_chart
  repository: file://subcharts/peeringRequestOperator_chart/
  version: 0.1.0
- name: liqodash_chart
  repository: file://subcharts/liqodash_chart/
  version: 0.1.0
- name: crdReplicator_chart
  repository: file://subcharts/crdReplicator_chart/
  version: 0.1.0
digest: sha256:131a968257923aae0bf7fa2c489b49b4cf6decf6ab95f87043eb1a3246e1b9da
generated: "2020-09-08T12:21:48.2836765+02:00"
